# This file is automatically @generated by Cargo.
# It is not intended for manual editing.
[[package]]
name = "freertos_rs"
version = "0.3.0"
source = "registry+https://github.com/rust-lang/crates.io-index"

[[package]]
name = "idf-alloc"
version = "0.1.0"

[[package]]
name = "idf-config-stub"
version = "0.1.0"

[[package]]
name = "idf-hal"
version = "0.1.0"
dependencies = [
 "idf-sys 0.1.0",
]

[[package]]
name = "idf-playground"
version = "0.1.0"
dependencies = [
 "freertos_rs 0.3.0 (registry+https://github.com/rust-lang/crates.io-index)",
 "idf-alloc 0.1.0",
 "idf-hal 0.1.0",
 "idf-sys 0.1.0",
 "panic-halt 0.2.0 (registry+https://github.com/rust-lang/crates.io-index)",
]

[[package]]
name = "idf-sys"
version = "0.1.0"

[[package]]
name = "panic-halt"
version = "0.2.0"
source = "registry+https://github.com/rust-lang/crates.io-index"

[metadata]
"checksum freertos_rs 0.3.0 (registry+https://github.com/rust-lang/crates.io-index)" = "ce6de271fe93c579c2b3a1cc1d45fac4a41a56c2de3850b286f9f4312191941f"
"checksum panic-halt 0.2.0 (registry+https://github.com/rust-lang/crates.io-index)" = "de96540e0ebde571dc55c73d60ef407c653844e6f9a1e2fdbd40c07b9252d812"
